
Microsoft Visual Studio Solution File, Format Version 12.00
# Visual Studio 15
VisualStudioVersion = 15.0.27703.2026
MinimumVisualStudioVersion = 10.0.40219.1
Project("{FAE04EC0-301F-11D3-BF4B-00C04F79EFBC}") = "GoodJob.Android", "GoodJob\GoodJob.Android\GoodJob.Android.csproj", "{BF6A4956-6808-4737-96DE-45945C04652F}"
EndProject
Project("{FAE04EC0-301F-11D3-BF4B-00C04F79EFBC}") = "GoodJob.iOS", "GoodJob\GoodJob.iOS\GoodJob.iOS.csproj", "{EE56FD09-5E40-4B1D-AA59-94821DF22185}"
EndProject
Project("{FAE04EC0-301F-11D3-BF4B-00C04F79EFBC}") = "GoodJob", "GoodJob\GoodJob\GoodJob.csproj", "{719E7DEB-B868-4CEC-83A1-8CE676CAB712}"
EndProject
Global
	GlobalSection(SolutionConfigurationPlatforms) = preSolution
		Ad-Hoc|Any CPU = Ad-Hoc|Any CPU
		Ad-Hoc|iPhone = Ad-Hoc|iPhone
		Ad-Hoc|iPhoneSimulator = Ad-Hoc|iPhoneSimulator
		AppStore|Any CPU = AppStore|Any CPU
		AppStore|iPhone = AppStore|iPhone
		AppStore|iPhoneSimulator = AppStore|iPhoneSimulator
		Debug|Any CPU = Debug|Any CPU
		Debug|iPhone = Debug|iPhone
		Debug|iPhoneSimulator = Debug|iPhoneSimulator
		Release|Any CPU = Release|Any CPU
		Release|iPhone = Release|iPhone
		Release|iPhoneSimulator = Release|iPhoneSimulator
	EndGlobalSection
	GlobalSection(ProjectConfigurationPlatforms) = postSolution
		{BF6A4956-6808-4737-96DE-45945C04652F}.Ad-Hoc|Any CPU.ActiveCfg = Release|Any CPU
		{BF6A4956-6808-4737-96DE-45945C04652F}.Ad-Hoc|Any CPU.Build.0 = Release|Any CPU
		{BF6A4956-6808-4737-96DE-45945C04652F}.Ad-Hoc|Any CPU.Deploy.0 = Release|Any CPU
		{BF6A4956-6808-4737-96DE-45945C04652F}.Ad-Hoc|iPhone.ActiveCfg = Release|Any CPU
		{BF6A4956-6808-4737-96DE-45945C04652F}.Ad-Hoc|iPhone.Build.0 = Release|Any CPU
		{BF6A4956-6808-4737-96DE-45945C04652F}.Ad-Hoc|iPhone.Deploy.0 = Release|Any CPU
		{BF6A4956-6808-4737-96DE-45945C04652F}.Ad-Hoc|iPhoneSimulator.ActiveCfg = Release|Any CPU
		{BF6A4956-6808-4737-96DE-45945C04652F}.Ad-Hoc|iPhoneSimulator.Build.0 = Release|Any CPU
		{BF6A4956-6808-4737-96DE-45945C04652F}.Ad-Hoc|iPhoneSimulator.Deploy.0 = Release|Any CPU
		{BF6A4956-6808-4737-96DE-45945C04652F}.AppStore|Any CPU.ActiveCfg = Release|Any CPU
		{BF6A4956-6808-4737-96DE-45945C04652F}.AppStore|Any CPU.Build.0 = Release|Any CPU
		{BF6A4956-6808-4737-96DE-45945C04652F}.AppStore|Any CPU.Deploy.0 = Release|Any CPU
		{BF6A4956-6808-4737-96DE-45945C04652F}.AppStore|iPhone.ActiveCfg = Release|Any CPU
		{BF6A4956-6808-4737-96DE-45945C04652F}.AppStore|iPhone.Build.0 = Release|Any CPU
		{BF6A4956-6808-4737-96DE-45945C04652F}.AppStore|iPhone.Deploy.0 = Release|Any CPU
		{BF6A4956-6808-4737-96DE-45945C04652F}.AppStore|iPhoneSimulator.ActiveCfg = Release|Any CPU
		{BF6A4956-6808-4737-96DE-45945C04652F}.AppStore|iPhoneSimulator.Build.0 = Release|Any CPU
		{BF6A4956-6808-4737-96DE-45945C04652F}.AppStore|iPhoneSimulator.Deploy.0 = Release|Any CPU
		{BF6A4956-6808-4737-96DE-45945C04652F}.Debug|Any CPU.ActiveCfg = Debug|Any CPU
		{BF6A4956-6808-4737-96DE-45945C04652F}.Debug|Any CPU.Build.0 = Debug|Any CPU
		{BF6A4956-6808-4737-96DE-45945C04652F}.Debug|Any CPU.Deploy.0 = Debug|Any CPU
		{BF6A4956-6808-4737-96DE-45945C04652F}.Debug|iPhone.ActiveCfg = Debug|Any CPU
		{BF6A4956-6808-4737-96DE-45945C04652F}.Debug|iPhone.Build.0 = Debug|Any CPU
		{BF6A4956-6808-4737-96DE-45945C04652F}.Debug|iPhone.Deploy.0 = Debug|Any CPU
		{BF6A4956-6808-4737-96DE-45945C04652F}.Debug|iPhoneSimulator.ActiveCfg = Debug|Any CPU
		{BF6A4956-6808-4737-96DE-45945C04652F}.Debug|iPhoneSimulator.Build.0 = Debug|Any CPU
		{BF6A4956-6808-4737-96DE-45945C04652F}.Debug|iPhoneSimulator.Deploy.0 = Debug|Any CPU
		{BF6A4956-6808-4737-96DE-45945C04652F}.Release|Any CPU.ActiveCfg = Release|Any CPU
		{BF6A4956-6808-4737-96DE-45945C04652F}.Release|Any CPU.Build.0 = Release|Any CPU
		{BF6A4956-6808-4737-96DE-45945C04652F}.Release|Any CPU.Deploy.0 = Release|Any CPU
		{BF6A4956-6808-4737-96DE-45945C04652F}.Release|iPhone.ActiveCfg = Release|Any CPU
		{BF6A4956-6808-4737-96DE-45945C04652F}.Release|iPhone.Build.0 = Release|Any CPU
		{BF6A4956-6808-4737-96DE-45945C04652F}.Release|iPhone.Deploy.0 = Release|Any CPU
		{BF6A4956-6808-4737-96DE-45945C04652F}.Release|iPhoneSimulator.ActiveCfg = Release|Any CPU
		{BF6A4956-6808-4737-96DE-45945C04652F}.Release|iPhoneSimulator.Build.0 = Release|Any CPU
		{BF6A4956-6808-4737-96DE-45945C04652F}.Release|iPhoneSimulator.Deploy.0 = Release|Any CPU
		{EE56FD09-5E40-4B1D-AA59-94821DF22185}.Ad-Hoc|Any CPU.ActiveCfg = Ad-Hoc|iPhone
		{EE56FD09-5E40-4B1D-AA59-94821DF22185}.Ad-Hoc|Any CPU.Build.0 = Ad-Hoc|iPhone
		{EE56FD09-5E40-4B1D-AA59-94821DF22185}.Ad-Hoc|Any CPU.Deploy.0 = Ad-Hoc|iPhone
		{EE56FD09-5E40-4B1D-AA59-94821DF22185}.Ad-Hoc|iPhone.ActiveCfg = Ad-Hoc|iPhone
		{EE56FD09-5E40-4B1D-AA59-94821DF22185}.Ad-Hoc|iPhone.Build.0 = Ad-Hoc|iPhone
		{EE56FD09-5E40-4B1D-AA59-94821DF22185}.Ad-Hoc|iPhone.Deploy.0 = Ad-Hoc|iPhone
		{EE56FD09-5E40-4B1D-AA59-94821DF22185}.Ad-Hoc|iPhoneSimulator.ActiveCfg = Ad-Hoc|iPhoneSimulator
		{EE56FD09-5E40-4B1D-AA59-94821DF22185}.Ad-Hoc|iPhoneSimulator.Build.0 = Ad-Hoc|iPhoneSimulator
		{EE56FD09-5E40-4B1D-AA59-94821DF22185}.Ad-Hoc|iPhoneSimulator.Deploy.0 = Ad-Hoc|iPhoneSimulator
		{EE56FD09-5E40-4B1D-AA59-94821DF22185}.AppStore|Any CPU.ActiveCfg = AppStore|iPhone
		{EE56FD09-5E40-4B1D-AA59-94821DF22185}.AppStore|Any CPU.Build.0 = AppStore|iPhone
		{EE56FD09-5E40-4B1D-AA59-94821DF22185}.AppStore|Any CPU.Deploy.0 = AppStore|iPhone
		{EE56FD09-5E40-4B1D-AA59-94821DF22185}.AppStore|iPhone.ActiveCfg = AppStore|iPhone
		{EE56FD09-5E40-4B1D-AA59-94821DF22185}.AppStore|iPhone.Build.0 = AppStore|iPhone
		{EE56FD09-5E40-4B1D-AA59-94821DF22185}.AppStore|iPhone.Deploy.0 = AppStore|iPhone
		{EE56FD09-5E40-4B1D-AA59-94821DF22185}.AppStore|iPhoneSimulator.ActiveCfg = AppStore|iPhoneSimulator
		{EE56FD09-5E40-4B1D-AA59-94821DF22185}.AppStore|iPhoneSimulator.Build.0 = AppStore|iPhoneSimulator
		{EE56FD09-5E40-4B1D-AA59-94821DF22185}.AppStore|iPhoneSimulator.Deploy.0 = AppStore|iPhoneSimulator
		{EE56FD09-5E40-4B1D-AA59-94821DF22185}.Debug|Any CPU.ActiveCfg = Debug|iPhoneSimulator
		{EE56FD09-5E40-4B1D-AA59-94821DF22185}.Debug|Any CPU.Build.0 = Debug|iPhoneSimulator
		{EE56FD09-5E40-4B1D-AA59-94821DF22185}.Debug|Any CPU.Deploy.0 = Debug|iPhoneSimulator
		{EE56FD09-5E40-4B1D-AA59-94821DF22185}.Debug|iPhone.ActiveCfg = Debug|iPhone
		{EE56FD09-5E40-4B1D-AA59-94821DF22185}.Debug|iPhone.Build.0 = Debug|iPhone
		{EE56FD09-5E40-4B1D-AA59-94821DF22185}.Debug|iPhone.Deploy.0 = Debug|iPhone
		{EE56FD09-5E40-4B1D-AA59-94821DF22185}.Debug|iPhoneSimulator.ActiveCfg = Debug|iPhoneSimulator
		{EE56FD09-5E40-4B1D-AA59-94821DF22185}.Debug|iPhoneSimulator.Build.0 = Debug|iPhoneSimulator
		{EE56FD09-5E40-4B1D-AA59-94821DF22185}.Debug|iPhoneSimulator.Deploy.0 = Debug|iPhoneSimulator
		{EE56FD09-5E40-4B1D-AA59-94821DF22185}.Release|Any CPU.ActiveCfg = Release|iPhone
		{EE56FD09-5E40-4B1D-AA59-94821DF22185}.Release|Any CPU.Build.0 = Release|iPhone
		{EE56FD09-5E40-4B1D-AA59-94821DF22185}.Release|Any CPU.Deploy.0 = Release|iPhone
		{EE56FD09-5E40-4B1D-AA59-94821DF22185}.Release|iPhone.ActiveCfg = Release|iPhone
		{EE56FD09-5E40-4B1D-AA59-94821DF22185}.Release|iPhone.Build.0 = Release|iPhone
		{EE56FD09-5E40-4B1D-AA59-94821DF22185}.Release|iPhone.Deploy.0 = Release|iPhone
		{EE56FD09-5E40-4B1D-AA59-94821DF22185}.Release|iPhoneSimulator.ActiveCfg = Release|iPhoneSimulator
		{EE56FD09-5E40-4B1D-AA59-94821DF22185}.Release|iPhoneSimulator.Build.0 = Release|iPhoneSimulator
		{EE56FD09-5E40-4B1D-AA59-94821DF22185}.Release|iPhoneSimulator.Deploy.0 = Release|iPhoneSimulator
		{719E7DEB-B868-4CEC-83A1-8CE676CAB712}.Ad-Hoc|Any CPU.ActiveCfg = Debug|Any CPU
		{719E7DEB-B868-4CEC-83A1-8CE676CAB712}.Ad-Hoc|Any CPU.Build.0 = Debug|Any CPU
		{719E7DEB-B868-4CEC-83A1-8CE676CAB712}.Ad-Hoc|Any CPU.Deploy.0 = Debug|Any CPU
		{719E7DEB-B868-4CEC-83A1-8CE676CAB712}.Ad-Hoc|iPhone.ActiveCfg = Debug|Any CPU
		{719E7DEB-B868-4CEC-83A1-8CE676CAB712}.Ad-Hoc|iPhone.Build.0 = Debug|Any CPU
		{719E7DEB-B868-4CEC-83A1-8CE676CAB712}.Ad-Hoc|iPhone.Deploy.0 = Debug|Any CPU
		{719E7DEB-B868-4CEC-83A1-8CE676CAB712}.Ad-Hoc|iPhoneSimulator.ActiveCfg = Debug|Any CPU
		{719E7DEB-B868-4CEC-83A1-8CE676CAB712}.Ad-Hoc|iPhoneSimulator.Build.0 = Debug|Any CPU
		{719E7DEB-B868-4CEC-83A1-8CE676CAB712}.Ad-Hoc|iPhoneSimulator.Deploy.0 = Debug|Any CPU
		{719E7DEB-B868-4CEC-83A1-8CE676CAB712}.AppStore|Any CPU.ActiveCfg = Debug|Any CPU
		{719E7DEB-B868-4CEC-83A1-8CE676CAB712}.AppStore|Any CPU.Build.0 = Debug|Any CPU
		{719E7DEB-B868-4CEC-83A1-8CE676CAB712}.AppStore|Any CPU.Deploy.0 = Debug|Any CPU
		{719E7DEB-B868-4CEC-83A1-8CE676CAB712}.AppStore|iPhone.ActiveCfg = Debug|Any CPU
		{719E7DEB-B868-4CEC-83A1-8CE676CAB712}.AppStore|iPhone.Build.0 = Debug|Any CPU
		{719E7DEB-B868-4CEC-83A1-8CE676CAB712}.AppStore|iPhone.Deploy.0 = Debug|Any CPU
		{719E7DEB-B868-4CEC-83A1-8CE676CAB712}.AppStore|iPhoneSimulator.ActiveCfg = Debug|Any CPU
		{719E7DEB-B868-4CEC-83A1-8CE676CAB712}.AppStore|iPhoneSimulator.Build.0 = Debug|Any CPU
		{719E7DEB-B868-4CEC-83A1-8CE676CAB712}.AppStore|iPhoneSimulator.Deploy.0 = Debug|Any CPU
		{719E7DEB-B868-4CEC-83A1-8CE676CAB712}.Debug|Any CPU.ActiveCfg = Debug|Any CPU
		{719E7DEB-B868-4CEC-83A1-8CE676CAB712}.Debug|Any CPU.Build.0 = Debug|Any CPU
		{719E7DEB-B868-4CEC-83A1-8CE676CAB712}.Debug|Any CPU.Deploy.0 = Debug|Any CPU
		{719E7DEB-B868-4CEC-83A1-8CE676CAB712}.Debug|iPhone.ActiveCfg = Debug|Any CPU
		{719E7DEB-B868-4CEC-83A1-8CE676CAB712}.Debug|iPhone.Build.0 = Debug|Any CPU
		{719E7DEB-B868-4CEC-83A1-8CE676CAB712}.Debug|iPhone.Deploy.0 = Debug|Any CPU
		{719E7DEB-B868-4CEC-83A1-8CE676CAB712}.Debug|iPhoneSimulator.ActiveCfg = Debug|Any CPU
		{719E7DEB-B868-4CEC-83A1-8CE676CAB712}.Debug|iPhoneSimulator.Build.0 = Debug|Any CPU
		{719E7DEB-B868-4CEC-83A1-8CE676CAB712}.Debug|iPhoneSimulator.Deploy.0 = Debug|Any CPU
		{719E7DEB-B868-4CEC-83A1-8CE676CAB712}.Release|Any CPU.ActiveCfg = Release|Any CPU
		{719E7DEB-B868-4CEC-83A1-8CE676CAB712}.Release|Any CPU.Build.0 = Release|Any CPU
		{719E7DEB-B868-4CEC-83A1-8CE676CAB712}.Release|Any CPU.Deploy.0 = Release|Any CPU
		{719E7DEB-B868-4CEC-83A1-8CE676CAB712}.Release|iPhone.ActiveCfg = Release|Any CPU
		{719E7DEB-B868-4CEC-83A1-8CE676CAB712}.Release|iPhone.Build.0 = Release|Any CPU
		{719E7DEB-B868-4CEC-83A1-8CE676CAB712}.Release|iPhone.Deploy.0 = Release|Any CPU
		{719E7DEB-B868-4CEC-83A1-8CE676CAB712}.Release|iPhoneSimulator.ActiveCfg = Release|Any CPU
		{719E7DEB-B868-4CEC-83A1-8CE676CAB712}.Release|iPhoneSimulator.Build.0 = Release|Any CPU
		{719E7DEB-B868-4CEC-83A1-8CE676CAB712}.Release|iPhoneSimulator.Deploy.0 = Release|Any CPU
	EndGlobalSection
	GlobalSection(SolutionProperties) = preSolution
		HideSolutionNode = FALSE
	EndGlobalSection
	GlobalSection(ExtensibilityGlobals) = postSolution
		SolutionGuid = {FA7C8236-F9C2-47CB-A767-2CC3A1B8DD76}
	EndGlobalSection
EndGlobal
